// !$*UTF8*$!
{
	archiveVersion = 1;
	classes = {
	};
	objectVersion = 46;
	objects = {

/* Begin PBXBuildFile section */
		A9EBFFDD1F27A66C00175E86 /* AppDelegate.swift in Sources */ = {isa = PBXBuildFile; fileRef = A9EBFFDC1F27A66C00175E86 /* AppDelegate.swift */; };
		A9EBFFDF1F27A66C00175E86 /* ViewController.swift in Sources */ = {isa = PBXBuildFile; fileRef = A9EBFFDE1F27A66C00175E86 /* ViewController.swift */; };
		A9EBFFE21F27A66C00175E86 /* Main.storyboard in Resources */ = {isa = PBXBuildFile; fileRef = A9EBFFE01F27A66C00175E86 /* Main.storyboard */; };
		A9EBFFE41F27A66C00175E86 /* Assets.xcassets in Resources */ = {isa = PBXBuildFile; fileRef = A9EBFFE31F27A66C00175E86 /* Assets.xcassets */; };
		A9EBFFE71F27A66C00175E86 /* LaunchScreen.storyboard in Resources */ = {isa = PBXBuildFile; fileRef = A9EBFFE51F27A66C00175E86 /* LaunchScreen.storyboard */; };
/* End PBXBuildFile section */

/* Begin PBXFileReference section */
		A9EBFFD91F27A66C00175E86 /* Web View Demo.app */ = {isa = PBXFileReference; explicitFileType = wrapper.application; includeInIndex = 0; path = "Web View Demo.app"; sourceTree = BUILT_PRODUCTS_DIR; };
		A9EBFFDC1F27A66C00175E86 /* AppDelegate.swift */ = {isa = PBXFileReference; lastKnownFileType = sourcecode.swift; path = AppDelegate.swift; sourceTree = "<group>"; };
		A9EBFFDE1F27A66C00175E86 /* ViewController.swift */ = {isa = PBXFileReference; lastKnownFileType = sourcecode.swift; path = ViewController.swift; sourceTree = "<group>"; };
		A9EBFFE11F27A66C00175E86 /* Base */ = {isa = PBXFileReference; lastKnownFileType = file.storyboard; name = Base; path = Base.lproj/Main.storyboard; sourceTree = "<group>"; };
		A9EBFFE31F27A66C00175E86 /* Assets.xcassets */ = {isa = PBXFileReference; lastKnownFileType = folder.assetcatalog; path = Assets.xcassets; sourceTree = "<group>"; };
		A9EBFFE61F27A66C00175E86 /* Base */ = {isa = PBXFileReference; lastKnownFileType = file.storyboard; name = Base; path = Base.lproj/LaunchScreen.storyboard; sourceTree = "<group>"; };
		A9EBFFE81F27A66C00175E86 /* Info.plist */ = {isa = PBXFileReference; lastKnownFileType = text.plist.xml; path = Info.plist; sourceTree = "<group>"; };
/* End PBXFileReference section */

/* Begin PBXFrameworksBuildPhase section */
		A9EBFFD61F27A66C00175E86 /* Frameworks */ = {
			isa = PBXFrameworksBuildPhase;
			buildActionMask = 2147483647;
			files = (
			);
			runOnlyForDeploymentPostprocessing = 0;
		};
/* End PBXFrameworksBuildPhase section */

/* Begin PBXGroup section */
		A9EBFFD01F27A66C00175E86 = {
			isa = PBXGroup;
			children = (
				A9EBFFDB1F27A66C00175E86 /* Web View Demo */,
				A9EBFFDA1F27A66C00175E86 /* Products */,
			);
			sourceTree = "<group>";
		};
		A9EBFFDA1F27A66C00175E86 /* Products */ = {
			isa = PBXGroup;
			children = (
				A9EBFFD91F27A66C00175E86 /* Web View Demo.app */,
			);
			name = Products;
			sourceTree = "<group>";
		};
		A9EBFFDB1F27A66C00175E86 /* Web View Demo */ = {
			isa = PBXGroup;
			children = (
				A9EBFFDC1F27A66C00175E86 /* AppDelegate.swift */,
				A9EBFFDE1F27A66C00175E86 /* ViewController.swift */,
				A9EBFFE01F27A66C00175E86 /* Main.storyboard */,
				A9EBFFE31F27A66C00175E86 /* Assets.xcassets */,
				A9EBFFE51F27A66C00175E86 /* LaunchScreen.storyboard */,
				A9EBFFE81F27A66C00175E86 /* Info.plist */,
			);
			path = "Web View Demo";
			sourceTree = "<group>";
		};
/* End PBXGroup section */

/* Begin PBXNativeTarget section */
		A9EBFFD81F27A66C00175E86 /* Web View Demo */ = {
			isa = PBXNativeTarget;
			buildConfigurationList = A9EBFFEB1F27A66C00175E86 /* Build configuration list for PBXNativeTarget "Web View Demo" */;
			buildPhases = (
				A9EBFFD51F27A66C00175E86 /* Sources */,
				A9EBFFD61F27A66C00175E86 /* Frameworks */,
				A9EBFFD71F27A66C00175E86 /* Resources */,
			);
			buildRules = (
			);
			dependencies = (
			);
			name = "Web View Demo";
			productName = "Web View Demo";
			productReference = A9EBFFD91F27A66C00175E86 /* Web View Demo.app */;
			productType = "com.apple.product-type.application";
		};
/* End PBXNativeTarget section */

/* Begin PBXProject section */
		A9EBFFD11F27A66C00175E86 /* Project object */ = {
			isa = PBXProject;
			attributes = {
				LastSwiftUpdateCheck = 0830;
				LastUpgradeCheck = 0830;
				ORGANIZATIONNAME = "HSoft Mobile";
				TargetAttributes = {
					A9EBFFD81F27A66C00175E86 = {
						CreatedOnToolsVersion = 8.3.3;
						DevelopmentTeam = VPJJQVPPXZ;
						ProvisioningStyle = Automatic;
					};
				};
			};
			buildConfigurationList = A9EBFFD41F27A66C00175E86 /* Build configuration list for PBXProject "Web View Demo" */;
			compatibilityVersion = "Xcode 3.2";
			developmentRegion = English;
			hasScannedForEncodings = 0;
			knownRegions = (
				en,
				Base,
			);
			mainGroup = A9EBFFD01F27A66C00175E86;
			productRefGroup = A9EBFFDA1F27A66C00175E86 /* Products */;
			projectDirPath = "";
			projectRoot = "";
			targets = (
				A9EBFFD81F27A66C00175E86 /* Web View Demo */,
			);
		};
/* End PBXProject section */

/* Begin PBXResourcesBuildPhase section */
		A9EBFFD71F27A66C00175E86 /* Resources */ = {
			isa = PBXResourcesBuildPhase;
			buildActionMask = 2147483647;
			files = (
				A9EBFFE71F27A66C00175E86 /* LaunchScreen.storyboard in Resources */,
				A9EBFFE41F27A66C00175E86 /* Assets.xcassets in Resources */,
				A9EBFFE21F27A66C00175E86 /* Main.storyboard in Resources */,
			);
			runOnlyForDeploymentPostprocessing = 0;
		};
/* End PBXResourcesBuildPhase section */

/* Begin PBXSourcesBuildPhase section */
		A9EBFFD51F27A66C00175E86 /* Sources */ = {
			isa = PBXSourcesBuildPhase;
			buildActionMask = 2147483647;
			files = (
				A9EBFFDF1F27A66C00175E86 /* ViewController.swift in Sources */,
				A9EBFFDD1F27A66C00175E86 /* AppDelegate.swift in Sources */,
			);
			runOnlyForDeploymentPostprocessing = 0;
		};
/* End PBXSourcesBuildPhase section */

/* Begin PBXVariantGroup section */
		A9EBFFE01F27A66C00175E86 /* Main.storyboard */ = {
			isa = PBXVariantGroup;
			children = (
				A9EBFFE11F27A66C00175E86 /* Base */,
			);
			name = Main.storyboard;
			sourceTree = "<group>";
		};
		A9EBFFE51F27A66C00175E86 /* LaunchScreen.storyboard */ = {
			isa = PBXVariantGroup;
			children = (
				A9EBFFE61F27A66C00175E86 /* Base */,
			);
			name = LaunchScreen.storyboard;
			sourceTree = "<group>";
		};
/* End PBXVariantGroup section */

/* Begin XCBuildConfiguration section */
		A9EBFFE91F27A66C00175E86 /* Debug */ = {
			isa = XCBuildConfiguration;
			buildSettings = {
				ALWAYS_SEARCH_USER_PATHS = NO;
				CLANG_ANALYZER_NONNULL = YES;
				CLANG_ANALYZER_NUMBER_OBJECT_CONVERSION = YES_AGGRESSIVE;
				CLANG_CXX_LANGUAGE_STANDARD = "gnu++0x";
				CLANG_CXX_LIBRARY = "libc++";
				CLANG_ENABLE_MODULES = YES;
				CLANG_ENABLE_OBJC_ARC = YES;
				CLANG_WARN_BOOL_CONVERSION = YES;
				CLANG_WARN_CONSTANT_CONVERSION = YES;
				CLANG_WARN_DIRECT_OBJC_ISA_USAGE = YES_ERROR;
				CLANG_WARN_DOCUMENTATION_COMMENTS = YES;
				CLANG_WARN_EMPTY_BODY = YES;
				CLANG_WARN_ENUM_CONVERSION = YES;
				CLANG_WARN_INFINITE_RECURSION = YES;
				CLANG_WARN_INT_CONVERSION = YES;
				CLANG_WARN_OBJC_ROOT_CLASS = YES_ERROR;
				CLANG_WARN_SUSPICIOUS_MOVE = YES;
				CLANG_WARN_UNREACHABLE_CODE = YES;
				CLANG_WARN__DUPLICATE_METHOD_MATCH = YES;
				"CODE_SIGN_IDENTITY[sdk=iphoneos*]" = "iPhone Developer";
				COPY_PHASE_STRIP = NO;
				DEBUG_INFORMATION_FORMAT = dwarf;
				ENABLE_STRICT_OBJC_MSGSEND = YES;
				ENABLE_TESTABILITY = YES;
				GCC_C_LANGUAGE_STANDARD = gnu99;
				GCC_DYNAMIC_NO_PIC = NO;
				GCC_NO_COMMON_BLOCKS = YES;
				GCC_OPTIMIZATION_LEVEL = 0;
				GCC_PREPROCESSOR_DEFINITIONS = (
					"DEBUG=1",
					"$(inherited)",
				);
				GCC_WARN_64_TO_32_BIT_CONVERSION = YES;
				GCC_WARN_ABOUT_RETURN_TYPE = YES_ERROR;
				GCC_WARN_UNDECLARED_SELECTOR = YES;
				GCC_WARN_UNINITIALIZED_AUTOS = YES_AGGRESSIVE;
				GCC_WARN_UNUSED_FUNCTION = YES;
				GCC_WARN_UNUSED_VARIABLE = YES;
				IPHONEOS_DEPLOYMENT_TARGET = 10.3;
				MTL_ENABLE_DEBUG_INFO = YES;
				ONLY_ACTIVE_ARCH = YES;
				SDKROOT = iphoneos;
				SWIFT_ACTIVE_COMPILATION_CONDITIONS = DEBUG;
				SWIFT_OPTIMIZATION_LEVEL = "-Onone";
				TARGETED_DEVICE_FAMILY = "1,2";
			};
			name = Debug;
		};
		A9EBFFEA1F27A66C00175E86 /* Release */ = {
			isa = XCBuildConfiguration;
			buildSettings = {
				ALWAYS_SEARCH_USER_PATHS = NO;
				CLANG_ANALYZER_NONNULL = YES;
				CLANG_ANALYZER_NUMBER_OBJECT_CONVERSION = YES_AGGRESSIVE;
				CLANG_CXX_LANGUAGE_STANDARD = "gnu++0x";
				CLANG_CXX_LIBRARY = "libc++";
				CLANG_ENABLE_MODULES = YES;
				CLANG_ENABLE_OBJC_ARC = YES;
				CLANG_WARN_BOOL_CONVERSION = YES;
				CLANG_WARN_CONSTANT_CONVERSION = YES;
				CLANG_WARN_DIRECT_OBJC_ISA_USAGE = YES_ERROR;
				CLANG_WARN_DOCUMENTATION_COMMENTS = YES;
				CLANG_WARN_EMPTY_BODY = YES;
				CLANG_WARN_ENUM_CONVERSION = YES;
				CLANG_WARN_INFINITE_RECURSION = YES;
				CLANG_WARN_INT_CONVERSION = YES;
				CLANG_WARN_OBJC_ROOT_CLASS = YES_ERROR;
				CLANG_WARN_SUSPICIOUS_MOVE = YES;
				CLANG_WARN_UNREACHABLE_CODE = YES;
				CLANG_WARN__DUPLICATE_METHOD_MATCH = YES;
				"CODE_SIGN_IDENTITY[sdk=iphoneos*]" = "iPhone Developer";
				COPY_PHASE_STRIP = NO;
				DEBUG_INFORMATION_FORMAT = "dwarf-with-dsym";
				ENABLE_NS_ASSERTIONS = NO;
				ENABLE_STRICT_OBJC_MSGSEND = YES;
				GCC_C_LANGUAGE_STANDARD = gnu99;
				GCC_NO_COMMON_BLOCKS = YES;
				GCC_WARN_64_TO_32_BIT_CONVERSION = YES;
				GCC_WARN_ABOUT_RETURN_TYPE = YES_ERROR;
				GCC_WARN_UNDECLARED_SELECTOR = YES;
				GCC_WARN_UNINITIALIZED_AUTOS = YES_AGGRESSIVE;
				GCC_WARN_UNUSED_FUNCTION = YES;
				GCC_WARN_UNUSED_VARIABLE = YES;
				IPHONEOS_DEPLOYMENT_TARGET = 10.3;
				MTL_ENABLE_DEBUG_INFO = NO;
				SDKROOT = iphoneos;
				SWIFT_OPTIMIZATION_LEVEL = "-Owholemodule";
				TARGETED_DEVICE_FAMILY = "1,2";
				VALIDATE_PRODUCT = YES;
			};
			name = Release;
		};
		A9EBFFEC1F27A66C00175E86 /* Debug */ = {
			isa = XCBuildConfiguration;
			buildSettings = {
				ASSETCATALOG_COMPILER_APPICON_NAME = AppIcon;
				DEVELOPMENT_TEAM = VPJJQVPPXZ;
				INFOPLIST_FILE = "Web View Demo/Info.plist";
				LD_RUNPATH_SEARCH_PATHS = "$(inherited) @executable_path/Frameworks";
				PRODUCT_BUNDLE_IDENTIFIER = "com.hsoft-mobile.Web-View-Demo";
				PRODUCT_NAME = "$(TARGET_NAME)";
				SWIFT_VERSION = 3.0;
			};
			name = Debug;
		};
		A9EBFFED1F27A66C00175E86 /* Release */ = {
			isa = XCBuildConfiguration;
			buildSettings = {
				ASSETCATALOG_COMPILER_APPICON_NAME = AppIcon;
				DEVELOPMENT_TEAM = VPJJQVPPXZ;
				INFOPLIST_FILE = "Web View Demo/Info.plist";
				LD_RUNPATH_SEARCH_PATHS = "$(inherited) @executable_path/Frameworks";
				PRODUCT_BUNDLE_IDENTIFIER = "com.hsoft-mobile.Web-View-Demo";
				PRODUCT_NAME = "$(TARGET_NAME)";
				SWIFT_VERSION = 3.0;
			};
			name = Release;
		};
/* End XCBuildConfiguration section */

/* Begin XCConfigurationList section */
		A9EBFFD41F27A66C00175E86 /* Build configuration list for PBXProject "Web View Demo" */ = {
			isa = XCConfigurationList;
			buildConfigurations = (
				A9EBFFE91F27A66C00175E86 /* Debug */,
				A9EBFFEA1F27A66C00175E86 /* Release */,
			);
			defaultConfigurationIsVisible = 0;
			defaultConfigurationName = Release;
		};
		A9EBFFEB1F27A66C00175E86 /* Build configuration list for PBXNativeTarget "Web View Demo" */ = {
			isa = XCConfigurationList;
			buildConfigurations = (
				A9EBFFEC1F27A66C00175E86 /* Debug */,
				A9EBFFED1F27A66C00175E86 /* Release */,
			);
			defaultConfigurationIsVisible = 0;
		};
/* End XCConfigurationList section */
	};
	rootObject = A9EBFFD11F27A66C00175E86 /* Project object */;
}
